
Microsoft Visual Studio Solution File, Format Version 12.00
# Visual Studio Version 17
VisualStudioVersion = 17.8.34309.116
MinimumVisualStudioVersion = 10.0.40219.1
Project("{FAE04EC0-301F-11D3-BF4B-00C04F79EFBC}") = "parcial", "parcial.csproj", "{7EB7AA5A-D250-4FCE-BA78-18A47000B2B5}"
EndProject
Global
	GlobalSection(SolutionConfigurationPlatforms) = preSolution
		Debug|Any CPU = Debug|Any CPU
		Release|Any CPU = Release|Any CPU
	EndGlobalSection
	GlobalSection(ProjectConfigurationPlatforms) = postSolution
		{7EB7AA5A-D250-4FCE-BA78-18A47000B2B5}.Debug|Any CPU.ActiveCfg = Debug|Any CPU
		{7EB7AA5A-D250-4FCE-BA78-18A47000B2B5}.Debug|Any CPU.Build.0 = Debug|Any CPU
		{7EB7AA5A-D250-4FCE-BA78-18A47000B2B5}.Release|Any CPU.ActiveCfg = Release|Any CPU
		{7EB7AA5A-D250-4FCE-BA78-18A47000B2B5}.Release|Any CPU.Build.0 = Release|Any CPU
	EndGlobalSection
	GlobalSection(SolutionProperties) = preSolution
		HideSolutionNode = FALSE
	EndGlobalSection
	GlobalSection(ExtensibilityGlobals) = postSolution
		SolutionGuid = {0C0EF253-5778-4126-BDFF-806847F14B46}
	EndGlobalSection
EndGlobal
